
Microsoft Visual Studio Solution File, Format Version 12.00
# Visual Studio 15
VisualStudioVersion = 15.0.27703.2042
MinimumVisualStudioVersion = 10.0.40219.1
Project("{9A19103F-16F7-4668-BE54-9A1E7A4F7556}") = "Facturaction", "Api\Facturaction.csproj", "{FE7C056F-AF7A-40B2-A84D-2110DAC85D8C}"
EndProject
Project("{9A19103F-16F7-4668-BE54-9A1E7A4F7556}") = "Service", "Service\Service.csproj", "{A704C47B-0A2E-41AC-8F8E-E9F6F6BDD3B3}"
EndProject
Project("{9A19103F-16F7-4668-BE54-9A1E7A4F7556}") = "BusinessLogic", "Persistence\BusinessLogic.csproj", "{257DC018-014F-47FD-89F2-635EDB346A75}"
EndProject
Project("{9A19103F-16F7-4668-BE54-9A1E7A4F7556}") = "Model", "Model\Model.csproj", "{0A3828C2-39EE-4082-83CC-B6B3A36A49E3}"
EndProject
Global
	GlobalSection(SolutionConfigurationPlatforms) = preSolution
		Debug|Any CPU = Debug|Any CPU
		Release|Any CPU = Release|Any CPU
	EndGlobalSection
	GlobalSection(ProjectConfigurationPlatforms) = postSolution
		{FE7C056F-AF7A-40B2-A84D-2110DAC85D8C}.Debug|Any CPU.ActiveCfg = Debug|Any CPU
		{FE7C056F-AF7A-40B2-A84D-2110DAC85D8C}.Debug|Any CPU.Build.0 = Debug|Any CPU
		{FE7C056F-AF7A-40B2-A84D-2110DAC85D8C}.Release|Any CPU.ActiveCfg = Release|Any CPU
		{FE7C056F-AF7A-40B2-A84D-2110DAC85D8C}.Release|Any CPU.Build.0 = Release|Any CPU
		{A704C47B-0A2E-41AC-8F8E-E9F6F6BDD3B3}.Debug|Any CPU.ActiveCfg = Debug|Any CPU
		{A704C47B-0A2E-41AC-8F8E-E9F6F6BDD3B3}.Debug|Any CPU.Build.0 = Debug|Any CPU
		{A704C47B-0A2E-41AC-8F8E-E9F6F6BDD3B3}.Release|Any CPU.ActiveCfg = Release|Any CPU
		{A704C47B-0A2E-41AC-8F8E-E9F6F6BDD3B3}.Release|Any CPU.Build.0 = Release|Any CPU
		{257DC018-014F-47FD-89F2-635EDB346A75}.Debug|Any CPU.ActiveCfg = Debug|Any CPU
		{257DC018-014F-47FD-89F2-635EDB346A75}.Debug|Any CPU.Build.0 = Debug|Any CPU
		{257DC018-014F-47FD-89F2-635EDB346A75}.Release|Any CPU.ActiveCfg = Release|Any CPU
		{257DC018-014F-47FD-89F2-635EDB346A75}.Release|Any CPU.Build.0 = Release|Any CPU
		{0A3828C2-39EE-4082-83CC-B6B3A36A49E3}.Debug|Any CPU.ActiveCfg = Debug|Any CPU
		{0A3828C2-39EE-4082-83CC-B6B3A36A49E3}.Debug|Any CPU.Build.0 = Debug|Any CPU
		{0A3828C2-39EE-4082-83CC-B6B3A36A49E3}.Release|Any CPU.ActiveCfg = Release|Any CPU
		{0A3828C2-39EE-4082-83CC-B6B3A36A49E3}.Release|Any CPU.Build.0 = Release|Any CPU
	EndGlobalSection
	GlobalSection(SolutionProperties) = preSolution
		HideSolutionNode = FALSE
	EndGlobalSection
	GlobalSection(ExtensibilityGlobals) = postSolution
		SolutionGuid = {A46540B0-7A82-4B96-A0F2-B67AA12C1D79}
	EndGlobalSection
EndGlobal
